
Microsoft Visual Studio Solution File, Format Version 12.00
# Visual Studio 15
VisualStudioVersion = 15.0.27004.2008
MinimumVisualStudioVersion = 10.0.40219.1
Project("{9A19103F-16F7-4668-BE54-9A1E7A4F7556}") = "NetMock", "NetMock\NetMock.csproj", "{2511C170-2174-499C-A458-9D367C3C4D0D}"
EndProject
Project("{2150E333-8FDC-42A3-9474-1A3956D46DE8}") = "Tests", "Tests", "{1A5E0E42-4229-4D25-AA1D-AB402F0607B2}"
EndProject
Project("{FAE04EC0-301F-11D3-BF4B-00C04F79EFBC}") = "NetMock.Tests", "Tests\NetMock.Tests\NetMock.Tests.csproj", "{2531F875-990D-4069-9BD7-B95A0DA1E357}"
EndProject
Global
	GlobalSection(SolutionConfigurationPlatforms) = preSolution
		Debug|Any CPU = Debug|Any CPU
		Release|Any CPU = Release|Any CPU
	EndGlobalSection
	GlobalSection(ProjectConfigurationPlatforms) = postSolution
		{2511C170-2174-499C-A458-9D367C3C4D0D}.Debug|Any CPU.ActiveCfg = Debug|Any CPU
		{2511C170-2174-499C-A458-9D367C3C4D0D}.Debug|Any CPU.Build.0 = Debug|Any CPU
		{2511C170-2174-499C-A458-9D367C3C4D0D}.Release|Any CPU.ActiveCfg = Release|Any CPU
		{2511C170-2174-499C-A458-9D367C3C4D0D}.Release|Any CPU.Build.0 = Release|Any CPU
		{2531F875-990D-4069-9BD7-B95A0DA1E357}.Debug|Any CPU.ActiveCfg = Debug|Any CPU
		{2531F875-990D-4069-9BD7-B95A0DA1E357}.Debug|Any CPU.Build.0 = Debug|Any CPU
		{2531F875-990D-4069-9BD7-B95A0DA1E357}.Release|Any CPU.ActiveCfg = Release|Any CPU
		{2531F875-990D-4069-9BD7-B95A0DA1E357}.Release|Any CPU.Build.0 = Release|Any CPU
	EndGlobalSection
	GlobalSection(SolutionProperties) = preSolution
		HideSolutionNode = FALSE
	EndGlobalSection
	GlobalSection(NestedProjects) = preSolution
		{2531F875-990D-4069-9BD7-B95A0DA1E357} = {1A5E0E42-4229-4D25-AA1D-AB402F0607B2}
	EndGlobalSection
	GlobalSection(ExtensibilityGlobals) = postSolution
		SolutionGuid = {39E7A108-2F20-45A7-A083-B626328DEBBC}
	EndGlobalSection
EndGlobal
